
Microsoft Visual Studio Solution File, Format Version 12.00
# Visual Studio Version 16
VisualStudioVersion = 16.0.28803.202
MinimumVisualStudioVersion = 10.0.40219.1
Project("{FAE04EC0-301F-11D3-BF4B-00C04F79EFBC}") = "Rajio", "Rajio\Rajio.csproj", "{477B93BD-E239-427C-A096-777833443834}"
EndProject
Global
	GlobalSection(SolutionConfigurationPlatforms) = preSolution
		Debug|Any CPU = Debug|Any CPU
		Release|Any CPU = Release|Any CPU
	EndGlobalSection
	GlobalSection(ProjectConfigurationPlatforms) = postSolution
		{477B93BD-E239-427C-A096-777833443834}.Debug|Any CPU.ActiveCfg = Debug|Any CPU
		{477B93BD-E239-427C-A096-777833443834}.Debug|Any CPU.Build.0 = Debug|Any CPU
		{477B93BD-E239-427C-A096-777833443834}.Release|Any CPU.ActiveCfg = Release|Any CPU
		{477B93BD-E239-427C-A096-777833443834}.Release|Any CPU.Build.0 = Release|Any CPU
	EndGlobalSection
	GlobalSection(SolutionProperties) = preSolution
		HideSolutionNode = FALSE
	EndGlobalSection
	GlobalSection(ExtensibilityGlobals) = postSolution
		SolutionGuid = {9616A399-5678-47B1-8A1D-FE615A429373}
	EndGlobalSection
EndGlobal
